
Microsoft Visual Studio Solution File, Format Version 12.00
# Visual Studio Version 17
VisualStudioVersion = 17.7.34024.191
MinimumVisualStudioVersion = 10.0.40219.1
Project("{FAE04EC0-301F-11D3-BF4B-00C04F79EFBC}") = "тумаков 2", "тумаков 2\тумаков 2.csproj", "{F9E7609C-C2EF-4788-9354-94B7ED9013FD}"
EndProject
Project("{FAE04EC0-301F-11D3-BF4B-00C04F79EFBC}") = "тумаков 3", "тумаков 3\тумаков 3.csproj", "{ED862D90-903D-4F19-BDA6-461C8EEC7AC1}"
EndProject
Project("{FAE04EC0-301F-11D3-BF4B-00C04F79EFBC}") = "домашняя работа 21.09", "домашняя работа 21.09\домашняя работа 21.09.csproj", "{6E6D1493-9938-4092-9EDB-7067D3C17BEA}"
EndProject
Global
	GlobalSection(SolutionConfigurationPlatforms) = preSolution
		Debug|Any CPU = Debug|Any CPU
		Release|Any CPU = Release|Any CPU
	EndGlobalSection
	GlobalSection(ProjectConfigurationPlatforms) = postSolution
		{F9E7609C-C2EF-4788-9354-94B7ED9013FD}.Debug|Any CPU.ActiveCfg = Debug|Any CPU
		{F9E7609C-C2EF-4788-9354-94B7ED9013FD}.Debug|Any CPU.Build.0 = Debug|Any CPU
		{F9E7609C-C2EF-4788-9354-94B7ED9013FD}.Release|Any CPU.ActiveCfg = Release|Any CPU
		{F9E7609C-C2EF-4788-9354-94B7ED9013FD}.Release|Any CPU.Build.0 = Release|Any CPU
		{ED862D90-903D-4F19-BDA6-461C8EEC7AC1}.Debug|Any CPU.ActiveCfg = Debug|Any CPU
		{ED862D90-903D-4F19-BDA6-461C8EEC7AC1}.Debug|Any CPU.Build.0 = Debug|Any CPU
		{ED862D90-903D-4F19-BDA6-461C8EEC7AC1}.Release|Any CPU.ActiveCfg = Release|Any CPU
		{ED862D90-903D-4F19-BDA6-461C8EEC7AC1}.Release|Any CPU.Build.0 = Release|Any CPU
		{6E6D1493-9938-4092-9EDB-7067D3C17BEA}.Debug|Any CPU.ActiveCfg = Debug|Any CPU
		{6E6D1493-9938-4092-9EDB-7067D3C17BEA}.Debug|Any CPU.Build.0 = Debug|Any CPU
		{6E6D1493-9938-4092-9EDB-7067D3C17BEA}.Release|Any CPU.ActiveCfg = Release|Any CPU
		{6E6D1493-9938-4092-9EDB-7067D3C17BEA}.Release|Any CPU.Build.0 = Release|Any CPU
	EndGlobalSection
	GlobalSection(SolutionProperties) = preSolution
		HideSolutionNode = FALSE
	EndGlobalSection
	GlobalSection(ExtensibilityGlobals) = postSolution
		SolutionGuid = {5C968F1C-AA82-46A1-9A33-D8504A453AC1}
	EndGlobalSection
EndGlobal
